
Microsoft Visual Studio Solution File, Format Version 12.00
# Visual Studio Version 17
VisualStudioVersion = 17.12.35521.163
MinimumVisualStudioVersion = 10.0.40219.1
Project("{FAE04EC0-301F-11D3-BF4B-00C04F79EFBC}") = "EjemploCurso1", "EjemploCurso1.csproj", "{EF671966-FAD0-47C5-96C4-EDAABF10AADF}"
EndProject
Project("{FAE04EC0-301F-11D3-BF4B-00C04F79EFBC}") = "Variables", "..\Variables\Variables.csproj", "{DF4493E2-4E80-48E7-8C77-0312DDF4F26D}"
EndProject
Project("{FAE04EC0-301F-11D3-BF4B-00C04F79EFBC}") = "Constantes", "..\Constantes\Constantes.csproj", "{0BF80F9B-6FD0-44C6-8E15-C9337DBC96F9}"
EndProject
Project("{FAE04EC0-301F-11D3-BF4B-00C04F79EFBC}") = "if_else", "..\if_else\if_else.csproj", "{79A6B213-DEDF-4E36-8D49-B492F59BA860}"
EndProject
Project("{FAE04EC0-301F-11D3-BF4B-00C04F79EFBC}") = "switch", "..\switch\switch.csproj", "{3C9817A2-31DE-4C7A-A0A0-D48597E07930}"
EndProject
Project("{FAE04EC0-301F-11D3-BF4B-00C04F79EFBC}") = "Do", "..\Do\Do.csproj", "{9F95149B-073C-43AE-898A-187DAD72BB1B}"
EndProject
Project("{FAE04EC0-301F-11D3-BF4B-00C04F79EFBC}") = "while", "..\while\while.csproj", "{9097DCD0-B989-4AA2-9D88-8431312138EF}"
EndProject
Project("{FAE04EC0-301F-11D3-BF4B-00C04F79EFBC}") = "for", "..\for\for.csproj", "{B319B111-1A93-4CFD-871B-9A1CF92AEC2B}"
EndProject
Project("{FAE04EC0-301F-11D3-BF4B-00C04F79EFBC}") = "foreach", "..\foreach\foreach.csproj", "{7B631E39-62EB-492C-A031-8D09DD5E07FE}"
EndProject
Project("{FAE04EC0-301F-11D3-BF4B-00C04F79EFBC}") = "leyendo_argumentos", "..\leyendo_argumentos\leyendo_argumentos.csproj", "{179E34DB-BCE5-46FD-9EB5-48433D940904}"
EndProject
Project("{FAE04EC0-301F-11D3-BF4B-00C04F79EFBC}") = "array2", "..\array2\array2.csproj", "{950067F6-0E21-40AB-BBA7-C82DC10C6421}"
EndProject
Project("{FAE04EC0-301F-11D3-BF4B-00C04F79EFBC}") = "casting", "..\casting\casting.csproj", "{5FC36DCB-4B6F-4E49-AB8A-0CC95E99EC94}"
EndProject
Project("{FAE04EC0-301F-11D3-BF4B-00C04F79EFBC}") = "EjerciciosModulo1", "..\EjerciciosModulo1\EjerciciosModulo1.csproj", "{1855E38A-3397-4D06-B9EF-09F45B7E109B}"
EndProject
Project("{2150E333-8FDC-42A3-9474-1A3956D46DE8}") = "Modulo1", "Modulo1", "{BB01448D-B7E9-4A3F-874F-0F2CED998E5C}"
EndProject
Project("{2150E333-8FDC-42A3-9474-1A3956D46DE8}") = "Modulo2", "Modulo2", "{542016EF-2897-40C2-9B69-A41CE722B57B}"
EndProject
Project("{FAE04EC0-301F-11D3-BF4B-00C04F79EFBC}") = "funciones", "..\funciones\funciones.csproj", "{8C4DE952-EFBD-4CD7-97C4-108DE3119FFF}"
EndProject
Project("{FAE04EC0-301F-11D3-BF4B-00C04F79EFBC}") = "pasovalorReferencia", "..\pasovalorReferencia\pasovalorReferencia.csproj", "{828111C1-A3A1-4A8F-BFE5-E4983D10EFF1}"
EndProject
Project("{FAE04EC0-301F-11D3-BF4B-00C04F79EFBC}") = "FuncionesLocales", "..\FuncionesLocales\FuncionesLocales.csproj", "{25AF86F3-8AC5-42F7-B7B3-3E2C646AD51C}"
EndProject
Project("{FAE04EC0-301F-11D3-BF4B-00C04F79EFBC}") = "EjemploFuncionLocal", "..\EjemploFuncionLocal\EjemploFuncionLocal.csproj", "{CD9E530B-8F0C-4145-B5FD-A365B3FC6047}"
EndProject
Project("{FAE04EC0-301F-11D3-BF4B-00C04F79EFBC}") = "EjemploPintaMenu", "..\EjemploPintaMenu\EjemploPintaMenu.csproj", "{47D3BA49-664A-46F0-9E50-3F550F830D15}"
EndProject
Global
	GlobalSection(SolutionConfigurationPlatforms) = preSolution
		Debug|Any CPU = Debug|Any CPU
		Release|Any CPU = Release|Any CPU
	EndGlobalSection
	GlobalSection(ProjectConfigurationPlatforms) = postSolution
		{EF671966-FAD0-47C5-96C4-EDAABF10AADF}.Debug|Any CPU.ActiveCfg = Debug|Any CPU
		{EF671966-FAD0-47C5-96C4-EDAABF10AADF}.Debug|Any CPU.Build.0 = Debug|Any CPU
		{EF671966-FAD0-47C5-96C4-EDAABF10AADF}.Release|Any CPU.ActiveCfg = Release|Any CPU
		{EF671966-FAD0-47C5-96C4-EDAABF10AADF}.Release|Any CPU.Build.0 = Release|Any CPU
		{DF4493E2-4E80-48E7-8C77-0312DDF4F26D}.Debug|Any CPU.ActiveCfg = Debug|Any CPU
		{DF4493E2-4E80-48E7-8C77-0312DDF4F26D}.Debug|Any CPU.Build.0 = Debug|Any CPU
		{DF4493E2-4E80-48E7-8C77-0312DDF4F26D}.Release|Any CPU.ActiveCfg = Release|Any CPU
		{DF4493E2-4E80-48E7-8C77-0312DDF4F26D}.Release|Any CPU.Build.0 = Release|Any CPU
		{0BF80F9B-6FD0-44C6-8E15-C9337DBC96F9}.Debug|Any CPU.ActiveCfg = Debug|Any CPU
		{0BF80F9B-6FD0-44C6-8E15-C9337DBC96F9}.Debug|Any CPU.Build.0 = Debug|Any CPU
		{0BF80F9B-6FD0-44C6-8E15-C9337DBC96F9}.Release|Any CPU.ActiveCfg = Release|Any CPU
		{0BF80F9B-6FD0-44C6-8E15-C9337DBC96F9}.Release|Any CPU.Build.0 = Release|Any CPU
		{79A6B213-DEDF-4E36-8D49-B492F59BA860}.Debug|Any CPU.ActiveCfg = Debug|Any CPU
		{79A6B213-DEDF-4E36-8D49-B492F59BA860}.Debug|Any CPU.Build.0 = Debug|Any CPU
		{79A6B213-DEDF-4E36-8D49-B492F59BA860}.Release|Any CPU.ActiveCfg = Release|Any CPU
		{79A6B213-DEDF-4E36-8D49-B492F59BA860}.Release|Any CPU.Build.0 = Release|Any CPU
		{3C9817A2-31DE-4C7A-A0A0-D48597E07930}.Debug|Any CPU.ActiveCfg = Debug|Any CPU
		{3C9817A2-31DE-4C7A-A0A0-D48597E07930}.Debug|Any CPU.Build.0 = Debug|Any CPU
		{3C9817A2-31DE-4C7A-A0A0-D48597E07930}.Release|Any CPU.ActiveCfg = Release|Any CPU
		{3C9817A2-31DE-4C7A-A0A0-D48597E07930}.Release|Any CPU.Build.0 = Release|Any CPU
		{9F95149B-073C-43AE-898A-187DAD72BB1B}.Debug|Any CPU.ActiveCfg = Debug|Any CPU
		{9F95149B-073C-43AE-898A-187DAD72BB1B}.Debug|Any CPU.Build.0 = Debug|Any CPU
		{9F95149B-073C-43AE-898A-187DAD72BB1B}.Release|Any CPU.ActiveCfg = Release|Any CPU
		{9F95149B-073C-43AE-898A-187DAD72BB1B}.Release|Any CPU.Build.0 = Release|Any CPU
		{9097DCD0-B989-4AA2-9D88-8431312138EF}.Debug|Any CPU.ActiveCfg = Debug|Any CPU
		{9097DCD0-B989-4AA2-9D88-8431312138EF}.Debug|Any CPU.Build.0 = Debug|Any CPU
		{9097DCD0-B989-4AA2-9D88-8431312138EF}.Release|Any CPU.ActiveCfg = Release|Any CPU
		{9097DCD0-B989-4AA2-9D88-8431312138EF}.Release|Any CPU.Build.0 = Release|Any CPU
		{B319B111-1A93-4CFD-871B-9A1CF92AEC2B}.Debug|Any CPU.ActiveCfg = Debug|Any CPU
		{B319B111-1A93-4CFD-871B-9A1CF92AEC2B}.Debug|Any CPU.Build.0 = Debug|Any CPU
		{B319B111-1A93-4CFD-871B-9A1CF92AEC2B}.Release|Any CPU.ActiveCfg = Release|Any CPU
		{B319B111-1A93-4CFD-871B-9A1CF92AEC2B}.Release|Any CPU.Build.0 = Release|Any CPU
		{7B631E39-62EB-492C-A031-8D09DD5E07FE}.Debug|Any CPU.ActiveCfg = Debug|Any CPU
		{7B631E39-62EB-492C-A031-8D09DD5E07FE}.Debug|Any CPU.Build.0 = Debug|Any CPU
		{7B631E39-62EB-492C-A031-8D09DD5E07FE}.Release|Any CPU.ActiveCfg = Release|Any CPU
		{7B631E39-62EB-492C-A031-8D09DD5E07FE}.Release|Any CPU.Build.0 = Release|Any CPU
		{179E34DB-BCE5-46FD-9EB5-48433D940904}.Debug|Any CPU.ActiveCfg = Debug|Any CPU
		{179E34DB-BCE5-46FD-9EB5-48433D940904}.Debug|Any CPU.Build.0 = Debug|Any CPU
		{179E34DB-BCE5-46FD-9EB5-48433D940904}.Release|Any CPU.ActiveCfg = Release|Any CPU
		{179E34DB-BCE5-46FD-9EB5-48433D940904}.Release|Any CPU.Build.0 = Release|Any CPU
		{950067F6-0E21-40AB-BBA7-C82DC10C6421}.Debug|Any CPU.ActiveCfg = Debug|Any CPU
		{950067F6-0E21-40AB-BBA7-C82DC10C6421}.Debug|Any CPU.Build.0 = Debug|Any CPU
		{950067F6-0E21-40AB-BBA7-C82DC10C6421}.Release|Any CPU.ActiveCfg = Release|Any CPU
		{950067F6-0E21-40AB-BBA7-C82DC10C6421}.Release|Any CPU.Build.0 = Release|Any CPU
		{5FC36DCB-4B6F-4E49-AB8A-0CC95E99EC94}.Debug|Any CPU.ActiveCfg = Debug|Any CPU
		{5FC36DCB-4B6F-4E49-AB8A-0CC95E99EC94}.Debug|Any CPU.Build.0 = Debug|Any CPU
		{5FC36DCB-4B6F-4E49-AB8A-0CC95E99EC94}.Release|Any CPU.ActiveCfg = Release|Any CPU
		{5FC36DCB-4B6F-4E49-AB8A-0CC95E99EC94}.Release|Any CPU.Build.0 = Release|Any CPU
		{1855E38A-3397-4D06-B9EF-09F45B7E109B}.Debug|Any CPU.ActiveCfg = Debug|Any CPU
		{1855E38A-3397-4D06-B9EF-09F45B7E109B}.Debug|Any CPU.Build.0 = Debug|Any CPU
		{1855E38A-3397-4D06-B9EF-09F45B7E109B}.Release|Any CPU.ActiveCfg = Release|Any CPU
		{1855E38A-3397-4D06-B9EF-09F45B7E109B}.Release|Any CPU.Build.0 = Release|Any CPU
		{8C4DE952-EFBD-4CD7-97C4-108DE3119FFF}.Debug|Any CPU.ActiveCfg = Debug|Any CPU
		{8C4DE952-EFBD-4CD7-97C4-108DE3119FFF}.Debug|Any CPU.Build.0 = Debug|Any CPU
		{8C4DE952-EFBD-4CD7-97C4-108DE3119FFF}.Release|Any CPU.ActiveCfg = Release|Any CPU
		{8C4DE952-EFBD-4CD7-97C4-108DE3119FFF}.Release|Any CPU.Build.0 = Release|Any CPU
		{828111C1-A3A1-4A8F-BFE5-E4983D10EFF1}.Debug|Any CPU.ActiveCfg = Debug|Any CPU
		{828111C1-A3A1-4A8F-BFE5-E4983D10EFF1}.Debug|Any CPU.Build.0 = Debug|Any CPU
		{828111C1-A3A1-4A8F-BFE5-E4983D10EFF1}.Release|Any CPU.ActiveCfg = Release|Any CPU
		{828111C1-A3A1-4A8F-BFE5-E4983D10EFF1}.Release|Any CPU.Build.0 = Release|Any CPU
		{25AF86F3-8AC5-42F7-B7B3-3E2C646AD51C}.Debug|Any CPU.ActiveCfg = Debug|Any CPU
		{25AF86F3-8AC5-42F7-B7B3-3E2C646AD51C}.Debug|Any CPU.Build.0 = Debug|Any CPU
		{25AF86F3-8AC5-42F7-B7B3-3E2C646AD51C}.Release|Any CPU.ActiveCfg = Release|Any CPU
		{25AF86F3-8AC5-42F7-B7B3-3E2C646AD51C}.Release|Any CPU.Build.0 = Release|Any CPU
		{CD9E530B-8F0C-4145-B5FD-A365B3FC6047}.Debug|Any CPU.ActiveCfg = Debug|Any CPU
		{CD9E530B-8F0C-4145-B5FD-A365B3FC6047}.Debug|Any CPU.Build.0 = Debug|Any CPU
		{CD9E530B-8F0C-4145-B5FD-A365B3FC6047}.Release|Any CPU.ActiveCfg = Release|Any CPU
		{CD9E530B-8F0C-4145-B5FD-A365B3FC6047}.Release|Any CPU.Build.0 = Release|Any CPU
		{47D3BA49-664A-46F0-9E50-3F550F830D15}.Debug|Any CPU.ActiveCfg = Debug|Any CPU
		{47D3BA49-664A-46F0-9E50-3F550F830D15}.Debug|Any CPU.Build.0 = Debug|Any CPU
		{47D3BA49-664A-46F0-9E50-3F550F830D15}.Release|Any CPU.ActiveCfg = Release|Any CPU
		{47D3BA49-664A-46F0-9E50-3F550F830D15}.Release|Any CPU.Build.0 = Release|Any CPU
	EndGlobalSection
	GlobalSection(SolutionProperties) = preSolution
		HideSolutionNode = FALSE
	EndGlobalSection
	GlobalSection(NestedProjects) = preSolution
		{EF671966-FAD0-47C5-96C4-EDAABF10AADF} = {BB01448D-B7E9-4A3F-874F-0F2CED998E5C}
		{DF4493E2-4E80-48E7-8C77-0312DDF4F26D} = {BB01448D-B7E9-4A3F-874F-0F2CED998E5C}
		{0BF80F9B-6FD0-44C6-8E15-C9337DBC96F9} = {BB01448D-B7E9-4A3F-874F-0F2CED998E5C}
		{79A6B213-DEDF-4E36-8D49-B492F59BA860} = {BB01448D-B7E9-4A3F-874F-0F2CED998E5C}
		{3C9817A2-31DE-4C7A-A0A0-D48597E07930} = {BB01448D-B7E9-4A3F-874F-0F2CED998E5C}
		{9F95149B-073C-43AE-898A-187DAD72BB1B} = {BB01448D-B7E9-4A3F-874F-0F2CED998E5C}
		{9097DCD0-B989-4AA2-9D88-8431312138EF} = {BB01448D-B7E9-4A3F-874F-0F2CED998E5C}
		{B319B111-1A93-4CFD-871B-9A1CF92AEC2B} = {BB01448D-B7E9-4A3F-874F-0F2CED998E5C}
		{7B631E39-62EB-492C-A031-8D09DD5E07FE} = {BB01448D-B7E9-4A3F-874F-0F2CED998E5C}
		{179E34DB-BCE5-46FD-9EB5-48433D940904} = {BB01448D-B7E9-4A3F-874F-0F2CED998E5C}
		{950067F6-0E21-40AB-BBA7-C82DC10C6421} = {BB01448D-B7E9-4A3F-874F-0F2CED998E5C}
		{5FC36DCB-4B6F-4E49-AB8A-0CC95E99EC94} = {BB01448D-B7E9-4A3F-874F-0F2CED998E5C}
		{1855E38A-3397-4D06-B9EF-09F45B7E109B} = {BB01448D-B7E9-4A3F-874F-0F2CED998E5C}
		{8C4DE952-EFBD-4CD7-97C4-108DE3119FFF} = {542016EF-2897-40C2-9B69-A41CE722B57B}
		{828111C1-A3A1-4A8F-BFE5-E4983D10EFF1} = {542016EF-2897-40C2-9B69-A41CE722B57B}
		{25AF86F3-8AC5-42F7-B7B3-3E2C646AD51C} = {542016EF-2897-40C2-9B69-A41CE722B57B}
		{CD9E530B-8F0C-4145-B5FD-A365B3FC6047} = {542016EF-2897-40C2-9B69-A41CE722B57B}
		{47D3BA49-664A-46F0-9E50-3F550F830D15} = {542016EF-2897-40C2-9B69-A41CE722B57B}
	EndGlobalSection
EndGlobal
